
Microsoft Visual Studio Solution File, Format Version 12.00
# Visual Studio Version 17
VisualStudioVersion = 17.11.35222.181
MinimumVisualStudioVersion = 10.0.40219.1
Project("{FAE04EC0-301F-11D3-BF4B-00C04F79EFBC}") = "QLBG", "QLBG.csproj", "{5930FEB6-5156-41DD-804D-5D2C77264096}"
EndProject
Global
	GlobalSection(SolutionConfigurationPlatforms) = preSolution
		Debug|Any CPU = Debug|Any CPU
		Release|Any CPU = Release|Any CPU
	EndGlobalSection
	GlobalSection(ProjectConfigurationPlatforms) = postSolution
		{5930FEB6-5156-41DD-804D-5D2C77264096}.Debug|Any CPU.ActiveCfg = Debug|Any CPU
		{5930FEB6-5156-41DD-804D-5D2C77264096}.Debug|Any CPU.Build.0 = Debug|Any CPU
		{5930FEB6-5156-41DD-804D-5D2C77264096}.Release|Any CPU.ActiveCfg = Release|Any CPU
		{5930FEB6-5156-41DD-804D-5D2C77264096}.Release|Any CPU.Build.0 = Release|Any CPU
	EndGlobalSection
	GlobalSection(SolutionProperties) = preSolution
		HideSolutionNode = FALSE
	EndGlobalSection
	GlobalSection(ExtensibilityGlobals) = postSolution
		SolutionGuid = {5B2A6B56-CB95-4147-AA61-E4964C0F0B42}
	EndGlobalSection
EndGlobal
